PODS:
  - Kingfisher (5.9.0):
    - Kingfisher/Core (= 5.9.0)
  - Kingfisher/Core (5.9.0)
  - SaeKit (0.1.6)
  - SaePlayer (0.1.0):
    - Kingfisher (~> 5.9.0)
    - SaeKit (~> 0.1.6)
  - SnapKit (4.2.0)

DEPENDENCIES:
  - SaePlayer (from `../`)
  - SnapKit (~> 4.2.0)

SPEC REPOS:
  trunk:
    - Kingfisher
    - SaeKit
    - SnapKit

EXTERNAL SOURCES:
  SaePlayer:
    :path: "../"

SPEC CHECKSUMS:
  Kingfisher: ff98240aebb7302bdc4f1ecd701761030ce18b16
  SaeKit: 22113ed2ad0a8282d3a613ba3ba2657189a47446
  SaePlayer: 7b4291f118181d936dda621d58ab23dc53e2b5fb
  SnapKit: fe8a619752f3f27075cc9a90244d75c6c3f27e2a

PODFILE CHECKSUM: 0ab06219e87cec61ad3e2919ddf7130d3476494f

COCOAPODS: 1.8.4
